
Microsoft Visual Studio Solution File, Format Version 12.00
# Visual Studio Version 16
VisualStudioVersion = 16.0.31624.102
MinimumVisualStudioVersion = 10.0.40219.1
Project("{9A19103F-16F7-4668-BE54-9A1E7A4F7556}") = "Part1_Mod11", "Part1_Mod11\Part1_Mod11.csproj", "{A43EFF01-8391-4F69-98A3-BCEE902D6752}"
EndProject
Project("{FAE04EC0-301F-11D3-BF4B-00C04F79EFBC}") = "TestBot", "TestBot\TestBot.csproj", "{90F8CCD9-116B-4D67-9ED3-C0D6EC349921}"
EndProject
Global
	GlobalSection(SolutionConfigurationPlatforms) = preSolution
		Debug|Any CPU = Debug|Any CPU
		Release|Any CPU = Release|Any CPU
	EndGlobalSection
	GlobalSection(ProjectConfigurationPlatforms) = postSolution
		{A43EFF01-8391-4F69-98A3-BCEE902D6752}.Debug|Any CPU.ActiveCfg = Debug|Any CPU
		{A43EFF01-8391-4F69-98A3-BCEE902D6752}.Debug|Any CPU.Build.0 = Debug|Any CPU
		{A43EFF01-8391-4F69-98A3-BCEE902D6752}.Release|Any CPU.ActiveCfg = Release|Any CPU
		{A43EFF01-8391-4F69-98A3-BCEE902D6752}.Release|Any CPU.Build.0 = Release|Any CPU
		{90F8CCD9-116B-4D67-9ED3-C0D6EC349921}.Debug|Any CPU.ActiveCfg = Debug|Any CPU
		{90F8CCD9-116B-4D67-9ED3-C0D6EC349921}.Debug|Any CPU.Build.0 = Debug|Any CPU
		{90F8CCD9-116B-4D67-9ED3-C0D6EC349921}.Release|Any CPU.ActiveCfg = Release|Any CPU
		{90F8CCD9-116B-4D67-9ED3-C0D6EC349921}.Release|Any CPU.Build.0 = Release|Any CPU
	EndGlobalSection
	GlobalSection(SolutionProperties) = preSolution
		HideSolutionNode = FALSE
	EndGlobalSection
	GlobalSection(ExtensibilityGlobals) = postSolution
		SolutionGuid = {5A4DF29B-CFF5-4C37-A497-147C93148141}
	EndGlobalSection
EndGlobal
